
Microsoft Visual Studio Solution File, Format Version 12.00
# Visual Studio Version 16
VisualStudioVersion = 16.0.31515.178
MinimumVisualStudioVersion = 10.0.40219.1
Project("{FAE04EC0-301F-11D3-BF4B-00C04F79EFBC}") = "UserData.Server", "UserData\Server\UserData.Server.csproj", "{DED8D8CA-A896-4E41-8833-735A8991A4DF}"
EndProject
Project("{FAE04EC0-301F-11D3-BF4B-00C04F79EFBC}") = "UserData.Client", "UserData\Client\UserData.Client.csproj", "{CD9CA69E-81C6-464E-A7BF-BCB8EA5118B3}"
EndProject
Project("{FAE04EC0-301F-11D3-BF4B-00C04F79EFBC}") = "UserData.Shared", "UserData\Shared\UserData.Shared.csproj", "{3897C324-0EDD-42DE-B1C1-BF128E554D40}"
EndProject
Global
	GlobalSection(SolutionConfigurationPlatforms) = preSolution
		Debug|Any CPU = Debug|Any CPU
		Release|Any CPU = Release|Any CPU
	EndGlobalSection
	GlobalSection(ProjectConfigurationPlatforms) = postSolution
		{DED8D8CA-A896-4E41-8833-735A8991A4DF}.Debug|Any CPU.ActiveCfg = Debug|Any CPU
		{DED8D8CA-A896-4E41-8833-735A8991A4DF}.Debug|Any CPU.Build.0 = Debug|Any CPU
		{DED8D8CA-A896-4E41-8833-735A8991A4DF}.Release|Any CPU.ActiveCfg = Release|Any CPU
		{DED8D8CA-A896-4E41-8833-735A8991A4DF}.Release|Any CPU.Build.0 = Release|Any CPU
		{CD9CA69E-81C6-464E-A7BF-BCB8EA5118B3}.Debug|Any CPU.ActiveCfg = Debug|Any CPU
		{CD9CA69E-81C6-464E-A7BF-BCB8EA5118B3}.Debug|Any CPU.Build.0 = Debug|Any CPU
		{CD9CA69E-81C6-464E-A7BF-BCB8EA5118B3}.Release|Any CPU.ActiveCfg = Release|Any CPU
		{CD9CA69E-81C6-464E-A7BF-BCB8EA5118B3}.Release|Any CPU.Build.0 = Release|Any CPU
		{3897C324-0EDD-42DE-B1C1-BF128E554D40}.Debug|Any CPU.ActiveCfg = Debug|Any CPU
		{3897C324-0EDD-42DE-B1C1-BF128E554D40}.Debug|Any CPU.Build.0 = Debug|Any CPU
		{3897C324-0EDD-42DE-B1C1-BF128E554D40}.Release|Any CPU.ActiveCfg = Release|Any CPU
		{3897C324-0EDD-42DE-B1C1-BF128E554D40}.Release|Any CPU.Build.0 = Release|Any CPU
	EndGlobalSection
	GlobalSection(SolutionProperties) = preSolution
		HideSolutionNode = FALSE
	EndGlobalSection
	GlobalSection(ExtensibilityGlobals) = postSolution
		SolutionGuid = {06014365-0554-489E-85C8-9672C70E1C14}
	EndGlobalSection
EndGlobal
